
Microsoft Visual Studio Solution File, Format Version 12.00
# Visual Studio Version 17
VisualStudioVersion = 17.9.34701.34
MinimumVisualStudioVersion = 10.0.40219.1
Project("{888888A0-9F3D-457C-B088-3A5042F75D52}") = "prac8q2", "prac8q2\prac8q2.pyproj", "{B0BBD230-613F-4262-8B8D-97CA00ABD8BB}"
EndProject
Global
	GlobalSection(SolutionConfigurationPlatforms) = preSolution
		Debug|Any CPU = Debug|Any CPU
		Release|Any CPU = Release|Any CPU
	EndGlobalSection
	GlobalSection(ProjectConfigurationPlatforms) = postSolution
		{B0BBD230-613F-4262-8B8D-97CA00ABD8BB}.Debug|Any CPU.ActiveCfg = Debug|Any CPU
		{B0BBD230-613F-4262-8B8D-97CA00ABD8BB}.Release|Any CPU.ActiveCfg = Release|Any CPU
	EndGlobalSection
	GlobalSection(SolutionProperties) = preSolution
		HideSolutionNode = FALSE
	EndGlobalSection
	GlobalSection(ExtensibilityGlobals) = postSolution
		SolutionGuid = {3C6D237B-FFA5-494D-8FF9-83EF41863AF3}
	EndGlobalSection
EndGlobal
